{
  "version": 2,
  "dependencies": {
    "net9.0": {
      "IDisposableAnalyzers": {
        "type": "Direct",
        "requested": "[4.0.8, )",
        "resolved": "4.0.8",
        "contentHash": "vNi4NMG0CcJyjXxiNDcQ21FwV/whM9o9OEZKD+oP7tuxAqFEzX/x5OhC3OZJqW/w+8GOtCmJPBquYgMWgz0rfQ=="
      },
      "Microsoft.AspNetCore.SignalR.Client": {
        "type": "Direct",
        "requested": "[9.0.11, )",
        "resolved": "9.0.11",
        "contentHash": "cBF3LKTMQOMtpi9ft6jA7hGN9NZMZfQuJ/FqpR84DiwL13g+7YRiv/Zm96D0OdSOPnBA5kxUJY3/b8znq9nAIg==",
        "dependencies": {
          "Microsoft.AspNetCore.Http.Connections.Client": "9.0.11",
          "Microsoft.AspNetCore.SignalR.Client.Core": "9.0.11"
        }
      },
      "Microsoft.CodeAnalysis.NetAnalyzers": {
        "type": "Direct",
        "requested": "[9.0.0, )",
        "resolved": "9.0.0",
        "contentHash": "JajbvkrBgtdRghavIjcJuNHMOja4lqBmEezbhZyqWPYh2cpLhT5mPpfC7NQVDO4IehWQum9t/nwF4v+qQGtYWg=="
      },
      "Microsoft.Extensions.Http": {
        "type": "Direct",
        "requested": "[9.0.11, )",
        "resolved": "9.0.11",
        "contentHash": "QEa12ESaPAKR3M40N8dawVd+LPOgxCrGsUmC7Myfhn44AQiWh7X9PiTAagrAnJSaGqsb+yx+KRNSjrm8wx1TVQ==",
        "dependencies": {
          "Microsoft.Extensions.Configuration.Abstractions": "9.0.11",
          "Microsoft.Extensions.DependencyInjection.Abstractions": "9.0.11",
          "Microsoft.Extensions.Diagnostics": "9.0.11",
          "Microsoft.Extensions.Logging": "9.0.11",
          "Microsoft.Extensions.Logging.Abstractions": "9.0.11",
          "Microsoft.Extensions.Options": "9.0.11"
        }
      },
      "Microsoft.SourceLink.GitHub": {
        "type": "Direct",
        "requested": "[8.0.0, )",
        "resolved": "8.0.0",
        "contentHash": "G5q7OqtwIyGTkeIOAc3u2ZuV/kicQaec5EaRnc0pIeSnh9LUjj+PYQrJYBURvDt7twGl2PKA7nSN0kz1Zw5bnQ==",
        "dependencies": {
          "Microsoft.Build.Tasks.Git": "8.0.0",
          "Microsoft.SourceLink.Common": "8.0.0"
        }
      },
      "Microsoft.VisualStudio.Threading.Analyzers": {
        "type": "Direct",
        "requested": "[17.14.15, )",
        "resolved": "17.14.15",
        "contentHash": "mXQPJsbuUD2ydq4/ffd8h8tSOFCXec+2xJOVNCvXjuMOq/+5EKHq3D2m2MC2+nUaXeFMSt66VS/J4HdKBixgcw=="
      },
      "SonarAnalyzer.CSharp": {
        "type": "Direct",
        "requested": "[10.15.0.120848, )",
        "resolved": "10.15.0.120848",
        "contentHash": "1hM3HVRl5jdC/ZBDu+G7CCYLXRGe/QaP01Zy+c9ETPhY7lWD8g8HiefY6sGaH0T3CJ4wAy0/waGgQTh0TYy0oQ=="
      },
      "StyleCop.Analyzers.Unstable": {
        "type": "Direct",
        "requested": "[1.2.0.556, )",
        "resolved": "1.2.0.556",
        "contentHash": "zvn9Mqs/ox/83cpYPignI8hJEM2A93s2HkHs8HYMOAQW0PkampyoErAiIyKxgTLqbbad29HX/shv/6LGSjPJNQ=="
      },
      "System.Text.Json": {
        "type": "Direct",
        "requested": "[9.0.5, )",
        "resolved": "9.0.5",
        "contentHash": "rnP61ZfloTgPQPe7ecr36loNiGX3g1PocxlKHdY/FUpDSsExKkTxpMAlB4X35wNEPr1X7mkYZuQvW3Lhxmu7KA=="
      },
      "Microsoft.AspNetCore.Connections.Abstractions": {
        "type": "Transitive",
        "resolved": "9.0.11",
        "contentHash": "XCCuW7sJa+m9jos8I0LBCKtLsi2p24iVdiRjLpaoR9wSRfDHilunnJH9mer9pP7xjIjKtUZinyxh4iygb2xNJA==",
        "dependencies": {
          "Microsoft.Extensions.Features": "9.0.11"
        }
      },
      "Microsoft.AspNetCore.Http.Connections.Client": {
        "type": "Transitive",
        "resolved": "9.0.11",
        "contentHash": "KgIIiW9WAFDFNxqzmR+U7giBN9giaUEDXPNm3TsRCaFgZWCLq9ai1IoXCX7t2tjMMAUTUF74+076nofuTDk9dQ==",
        "dependencies": {
          "Microsoft.AspNetCore.Http.Connections.Common": "9.0.11",
          "Microsoft.Extensions.Logging.Abstractions": "9.0.11",
          "Microsoft.Extensions.Options": "9.0.11",
          "System.Net.ServerSentEvents": "9.0.11"
        }
      },
      "Microsoft.AspNetCore.Http.Connections.Common": {
        "type": "Transitive",
        "resolved": "9.0.11",
        "contentHash": "k1UgdXf7emakZEin02sn/KD0MoT0q4bLJ/Esp6v2ciQx6R3J/eM0+cALwtbTnd+tIhx88R551ilqgdwa58Ivxw==",
        "dependencies": {
          "Microsoft.AspNetCore.Connections.Abstractions": "9.0.11"
        }
      },
      "Microsoft.AspNetCore.SignalR.Client.Core": {
        "type": "Transitive",
        "resolved": "9.0.11",
        "contentHash": "pWgJfMyZzR/TLRkY+A91asrR2oRPa+t646sgDGd5cmDX1NkkmKdEKEzDYkqfsA6KdaUGqG7Ci392OCNXQB6cnw==",
        "dependencies": {
          "Microsoft.AspNetCore.SignalR.Common": "9.0.11",
          "Microsoft.AspNetCore.SignalR.Protocols.Json": "9.0.11",
          "Microsoft.Extensions.DependencyInjection": "9.0.11",
          "Microsoft.Extensions.Logging": "9.0.11",
          "System.Threading.Channels": "9.0.11"
        }
      },
      "Microsoft.AspNetCore.SignalR.Common": {
        "type": "Transitive",
        "resolved": "9.0.11",
        "contentHash": "rqZkobq3gUe34OL3kVKkfmD1cpRPtYj5zzsFw/wq+DVRki4VRC3TCUFEaAVaAZydosaI0jEGS0GC0zCcBUbdMg==",
        "dependencies": {
          "Microsoft.AspNetCore.Connections.Abstractions": "9.0.11",
          "Microsoft.Extensions.Options": "9.0.11"
        }
      },
      "Microsoft.AspNetCore.SignalR.Protocols.Json": {
        "type": "Transitive",
        "resolved": "9.0.11",
        "contentHash": "ACS9G0qVWfAQegWdSfojGsVybNf50f7MdXv+hPXJCrv7w9vG+qDXVkdm40HHFbf6RFiEantBXCaY/TC+4SQ7cA==",
        "dependencies": {
          "Microsoft.AspNetCore.SignalR.Common": "9.0.11"
        }
      },
      "Microsoft.Build.Tasks.Git": {
        "type": "Transitive",
        "resolved": "8.0.0",
        "contentHash": "bZKfSIKJRXLTuSzLudMFte/8CempWjVamNUR5eHJizsy+iuOuO/k2gnh7W0dHJmYY0tBf+gUErfluCv5mySAOQ=="
      },
      "Microsoft.Extensions.Configuration.Binder": {
        "type": "Transitive",
        "resolved": "9.0.11",
        "contentHash": "iPE1jROL5uK/6iJSRzwpEIJt6BuANN36Io+6bLss67JVjbG6DdVedrMnB9nqsxs+Lx3X9RxvARTgFsUgP0MB0g==",
        "dependencies": {
          "Microsoft.Extensions.Configuration.Abstractions": "9.0.11"
        }
      },
      "Microsoft.Extensions.Diagnostics": {
        "type": "Transitive",
        "resolved": "9.0.11",
        "contentHash": "WkriTCwxW0QbIgPYXGy329wQKcS4lmstwwysCHcjok2acPd626ysPcwMpw1pSBNzkdkMsqcbcJLlpVc9kP/YiQ==",
        "dependencies": {
          "Microsoft.Extensions.Configuration": "9.0.11",
          "Microsoft.Extensions.Diagnostics.Abstractions": "9.0.11",
          "Microsoft.Extensions.Options.ConfigurationExtensions": "9.0.11"
        }
      },
      "Microsoft.Extensions.Diagnostics.Abstractions": {
        "type": "Transitive",
        "resolved": "9.0.11",
        "contentHash": "D9gu4weEmvWGuz8zp5xwsOr0ldmWphMKr7+IW66hG4rnrgpMLtTWoOINBOX5mcRTPL39+AVd3BJdc4HTvl2NrA==",
        "dependencies": {
          "Microsoft.Extensions.DependencyInjection.Abstractions": "9.0.11",
          "Microsoft.Extensions.Options": "9.0.11"
        }
      },
      "Microsoft.Extensions.Primitives": {
        "type": "Transitive",
        "resolved": "9.0.11",
        "contentHash": "rtUNSIhbQTv8iSBTFvtg2b/ZUkoqC9qAH9DdC2hr+xPpoZrxiCITci9UR/ELUGUGnGUrF8Xye+tGVRhCxE+4LA=="
      },
      "Microsoft.SourceLink.Common": {
        "type": "Transitive",
        "resolved": "8.0.0",
        "contentHash": "dk9JPxTCIevS75HyEQ0E4OVAFhB2N+V9ShCXf8Q6FkUQZDkgLI12y679Nym1YqsiSysuQskT7Z+6nUf3yab6Vw=="
      },
      "System.Net.ServerSentEvents": {
        "type": "Transitive",
        "resolved": "9.0.11",
        "contentHash": "qQ1jJSl3IdhayjgFcGxo4/c1mUP4QvpiOVhm8zxk3wdiHkwKwdPk2sINzrBdJLn6GsOMi4w5o31A7aMxa28oow=="
      },
      "System.Threading.Channels": {
        "type": "Transitive",
        "resolved": "9.0.11",
        "contentHash": "I/l6+ntgnHCu2WXop2NFMb3qSFFiB6LMau5244nKrD9RPoutn+Sp7ZGId7fbzAs2aMLvYErV1ilDAh35BKWKQg=="
      },
      "Mississippi.Ripples": {
        "type": "Project",
        "dependencies": {
          "Mississippi.Ripples.Abstractions": "[1.0.0, )"
        }
      },
      "Mississippi.Ripples.Abstractions": {
        "type": "Project"
      },
      "Mississippi.Ripples.Blazor": {
        "type": "Project",
        "dependencies": {
          "Mississippi.Ripples.Abstractions": "[1.0.0, )"
        }
      },
      "Microsoft.Extensions.Configuration": {
        "type": "CentralTransitive",
        "requested": "[9.0.11, )",
        "resolved": "9.0.11",
        "contentHash": "4ceMQRCIMP9AxxZOQ0k+xYXCfgSEmEsnt6s0o/KkpeLqwm3kGKBbsiJlyMk56GnKJtk4SI7nTpIIzb+Qdk+FMQ==",
        "dependencies": {
          "Microsoft.Extensions.Configuration.Abstractions": "9.0.11",
          "Microsoft.Extensions.Primitives": "9.0.11"
        }
      },
      "Microsoft.Extensions.Configuration.Abstractions": {
        "type": "CentralTransitive",
        "requested": "[9.0.11, )",
        "resolved": "9.0.11",
        "contentHash": "g23//mPpMa33QdJkLujJICoCRbiLFpiQ4XbROG9JdeDI6/sM+qZPB2t5SmUWNM8GwY8dYW3NucxlZDFe8s3NAQ==",
        "dependencies": {
          "Microsoft.Extensions.Primitives": "9.0.11"
        }
      },
      "Microsoft.Extensions.DependencyInjection": {
        "type": "CentralTransitive",
        "requested": "[9.0.11, )",
        "resolved": "9.0.11",
        "contentHash": "UquyDzvz0EneIQrrU67GJkIgynS+VD7t+RDtNv6VgKMOFrLBjldn6hzlXppGGecFMvAkMTqn4T8RYvzw7j7fQA==",
        "dependencies": {
          "Microsoft.Extensions.DependencyInjection.Abstractions": "9.0.11"
        }
      },
      "Microsoft.Extensions.DependencyInjection.Abstractions": {
        "type": "CentralTransitive",
        "requested": "[9.0.11, )",
        "resolved": "9.0.11",
        "contentHash": "+ZxxZzcVU+IEzq12GItUzf/V3mEc5nSLiXijwvDc4zyhbjvSZZ043giSZqGnhakrjwRWjkerIHPrRwm9okEIpw=="
      },
      "Microsoft.Extensions.Features": {
        "type": "CentralTransitive",
        "requested": "[9.0.11, )",
        "resolved": "9.0.11",
        "contentHash": "8Ac8mhr8Tzkd1eEdOQf9VGCegNMmma/jqOoSg3zibklo6p2xHER5HrDwzUFsgDDJkw/lHHyVDvyBpYLd/sqTXA=="
      },
      "Microsoft.Extensions.Logging": {
        "type": "CentralTransitive",
        "requested": "[9.0.1, )",
        "resolved": "9.0.11",
        "contentHash": "PVHYgMmMZFEE3PGpc7oZ9CnoyNonNyT5klrV9pNIzCPxL12FpQ7kNhliXAwowmtaDVBmKnG/1db6d7gqPwDj8g==",
        "dependencies": {
          "Microsoft.Extensions.DependencyInjection": "9.0.11",
          "Microsoft.Extensions.Logging.Abstractions": "9.0.11",
          "Microsoft.Extensions.Options": "9.0.11"
        }
      },
      "Microsoft.Extensions.Logging.Abstractions": {
        "type": "CentralTransitive",
        "requested": "[9.0.1, )",
        "resolved": "9.0.11",
        "contentHash": "UKWFTDwtZQIoypyt1YPVsxTnDK+0sKn26+UeSGeNlkRQddrkt9EC6kP4g94rgO/WOZkz94bKNlF1dVZN3QfPFQ==",
        "dependencies": {
          "Microsoft.Extensions.DependencyInjection.Abstractions": "9.0.11"
        }
      },
      "Microsoft.Extensions.Options": {
        "type": "CentralTransitive",
        "requested": "[9.0.11, )",
        "resolved": "9.0.11",
        "contentHash": "HX4M3BLkW1dtByMKHDVq6r7Jy6e4hf8NDzHpIgz7C8BtYk9JQHhfYX5c1UheQTD5Veg1yBhz/cD9C8vtrGrk9w==",
        "dependencies": {
          "Microsoft.Extensions.DependencyInjection.Abstractions": "9.0.11",
          "Microsoft.Extensions.Primitives": "9.0.11"
        }
      },
      "Microsoft.Extensions.Options.ConfigurationExtensions": {
        "type": "CentralTransitive",
        "requested": "[9.0.11, )",
        "resolved": "9.0.11",
        "contentHash": "HUzr4c1eMXCQN8Yre2JdCzYmLJAecFGVXfByVhjEY4jBaHIs8EAxdv72WMUa2GcROlkYPbYNzMbcqJPMiznHxw==",
        "dependencies": {
          "Microsoft.Extensions.Configuration.Abstractions": "9.0.11",
          "Microsoft.Extensions.Configuration.Binder": "9.0.11",
          "Microsoft.Extensions.DependencyInjection.Abstractions": "9.0.11",
          "Microsoft.Extensions.Options": "9.0.11",
          "Microsoft.Extensions.Primitives": "9.0.11"
        }
      }
    }
  }
}