{
  "version": 2,
  "dependencies": {
    "net10.0": {
      "IDisposableAnalyzers": {
        "type": "Direct",
        "requested": "[4.0.8, )",
        "resolved": "4.0.8",
        "contentHash": "vNi4NMG0CcJyjXxiNDcQ21FwV/whM9o9OEZKD+oP7tuxAqFEzX/x5OhC3OZJqW/w+8GOtCmJPBquYgMWgz0rfQ=="
      },
      "Microsoft.AspNetCore.Components.WebAssembly.Server": {
        "type": "Direct",
        "requested": "[10.0.5, )",
        "resolved": "10.0.5",
        "contentHash": "wDK4Yiuz9oq3LLO8ies4UzpRLGQ56WGHj099h0MzkFyU8YcaZJ9h76ZkBpcgJQPNECjxL0lXg4hQz2fhrt0qHQ==",
        "dependencies": {
          "Microsoft.AspNetCore.Components.WebAssembly": "10.0.5"
        }
      },
      "Microsoft.CodeAnalysis.NetAnalyzers": {
        "type": "Direct",
        "requested": "[10.0.201, )",
        "resolved": "10.0.201",
        "contentHash": "MTE+F0fj0N8dtfkEGIcX3/rEycMbOf54DXq/n6n8cE6ZfDIPEElY8lc4X5BpZ+c7DBoQDGLG0iBY/W0YZ3nhtw=="
      },
      "Microsoft.VisualStudio.Threading.Analyzers": {
        "type": "Direct",
        "requested": "[17.14.15, )",
        "resolved": "17.14.15",
        "contentHash": "mXQPJsbuUD2ydq4/ffd8h8tSOFCXec+2xJOVNCvXjuMOq/+5EKHq3D2m2MC2+nUaXeFMSt66VS/J4HdKBixgcw=="
      },
      "SonarAnalyzer.CSharp": {
        "type": "Direct",
        "requested": "[10.21.0.135717, )",
        "resolved": "10.21.0.135717",
        "contentHash": "i5awvO2aapfOLXq5v7uvCxLvx+p5H79RhGi2+gPMTDKpw4IBOX3Nw+1fuIcH4ZIzQ7+g5PYJi3fBYHFh0Iz+Fw=="
      },
      "StyleCop.Analyzers.Unstable": {
        "type": "Direct",
        "requested": "[1.2.0.556, )",
        "resolved": "1.2.0.556",
        "contentHash": "zvn9Mqs/ox/83cpYPignI8hJEM2A93s2HkHs8HYMOAQW0PkampyoErAiIyKxgTLqbbad29HX/shv/6LGSjPJNQ=="
      },
      "Microsoft.DotNet.HotReload.WebAssembly.Browser": {
        "type": "Transitive",
        "resolved": "10.0.104",
        "contentHash": "OkWFygvFdm9emwxRW5ahcsU6saKO9EOYCFVNEXWl+23A4ssZy40VCQuqPhyurU7IyaPEhgA4iXh0/o7fhyNngA=="
      },
      "Microsoft.JSInterop.WebAssembly": {
        "type": "Transitive",
        "resolved": "10.0.5",
        "contentHash": "9iva1I1opPJA1xMSGTNmbyLhyzw383l6StST9gebB/UEBrYuadzwsv7O3eKAhmJVsPUGy6wWo4SVUcfFnPNQXA=="
      },
      "Mississippi.LightSpeed.Client": {
        "type": "Project",
        "dependencies": {
          "Microsoft.AspNetCore.Components.WebAssembly": "[10.0.5, )",
          "Microsoft.DotNet.HotReload.WebAssembly.Browser": "[10.0.104, )",
          "Mississippi.Refraction.Abstractions": "[1.0.0, )",
          "Mississippi.Refraction.Client": "[1.0.0, )",
          "Mississippi.Refraction.Client.StateManagement": "[1.0.0, )",
          "Mississippi.Reservoir.Abstractions": "[1.0.0, )",
          "Mississippi.Reservoir.Client": "[1.0.0, )",
          "Mississippi.Reservoir.Core": "[1.0.0, )"
        }
      },
      "Mississippi.Refraction.Abstractions": {
        "type": "Project"
      },
      "Mississippi.Refraction.Client": {
        "type": "Project"
      },
      "Mississippi.Refraction.Client.StateManagement": {
        "type": "Project",
        "dependencies": {
          "Mississippi.Refraction.Abstractions": "[1.0.0, )",
          "Mississippi.Refraction.Client": "[1.0.0, )",
          "Mississippi.Reservoir.Core": "[1.0.0, )"
        }
      },
      "Mississippi.Reservoir.Abstractions": {
        "type": "Project"
      },
      "Mississippi.Reservoir.Client": {
        "type": "Project",
        "dependencies": {
          "Microsoft.AspNetCore.Components.WebAssembly": "[10.0.5, )",
          "Mississippi.Reservoir.Abstractions": "[1.0.0, )",
          "Mississippi.Reservoir.Core": "[1.0.0, )"
        }
      },
      "Mississippi.Reservoir.Core": {
        "type": "Project",
        "dependencies": {
          "Mississippi.Reservoir.Abstractions": "[1.0.0, )"
        }
      },
      "Microsoft.AspNetCore.Components.WebAssembly": {
        "type": "CentralTransitive",
        "requested": "[10.0.5, )",
        "resolved": "10.0.5",
        "contentHash": "fjmhjvZpYTJVl/sxpDStP8+fQ6XEG8r9iuhafuTCp2nAAGPcJhsSND58he9BOekbxs6nMv2OECUGwtWqHBGFcg==",
        "dependencies": {
          "Microsoft.JSInterop.WebAssembly": "10.0.5"
        }
      }
    }
  }
}