{
  "version": 2,
  "dependencies": {
    "net10.0": {
      "Aspire.Azure.Data.Tables": {
        "type": "Direct",
        "requested": "[13.1.0, )",
        "resolved": "13.1.0",
        "contentHash": "/xgkac8R2XlnPSnoY2DJ4dHzRZXrkJcioUn+/LH9M8/8fmSDh7DdVepoS6EQllcQ2HI+6fHlZfNirevGohk2MQ==",
        "dependencies": {
          "AspNetCore.HealthChecks.Azure.Data.Tables": "9.0.0",
          "Azure.Core": "1.50.0",
          "Azure.Data.Tables": "12.11.0",
          "Azure.Identity": "1.17.0",
          "Microsoft.Extensions.Azure": "1.13.0",
          "OpenTelemetry.Extensions.Hosting": "1.14.0"
        }
      },
      "Aspire.Azure.Storage.Blobs": {
        "type": "Direct",
        "requested": "[13.1.0, )",
        "resolved": "13.1.0",
        "contentHash": "8bMLNn0XZBHwXTAhucXy9iB7VGmtGt1DINjjIQea+1sCnml4lieAVQcy9yUL50GKUbA98vjIzUrZQVIUOqE8zg==",
        "dependencies": {
          "AspNetCore.HealthChecks.Azure.Storage.Blobs": "9.0.0",
          "Azure.Core": "1.50.0",
          "Azure.Identity": "1.17.0",
          "Azure.Storage.Blobs": "12.26.0",
          "Microsoft.Extensions.Azure": "1.13.0",
          "OpenTelemetry.Extensions.Hosting": "1.14.0",
          "System.IO.Hashing": "9.0.10"
        }
      },
      "Aspire.Microsoft.Azure.Cosmos": {
        "type": "Direct",
        "requested": "[13.1.0, )",
        "resolved": "13.1.0",
        "contentHash": "B+9oqH8LZZWwfjJeQ8gxnfkD+f8Bv3m0TQ2LqKH/OrTDNryKhguUanemCKwaLFLkXv1N0uZcRYpN0EVWuKwyPw==",
        "dependencies": {
          "Azure.Core": "1.50.0",
          "Azure.Identity": "1.17.0",
          "Microsoft.Azure.Cosmos": "3.54.0",
          "Newtonsoft.Json": "13.0.4",
          "OpenTelemetry.Extensions.Hosting": "1.14.0"
        }
      },
      "IDisposableAnalyzers": {
        "type": "Direct",
        "requested": "[4.0.8, )",
        "resolved": "4.0.8",
        "contentHash": "vNi4NMG0CcJyjXxiNDcQ21FwV/whM9o9OEZKD+oP7tuxAqFEzX/x5OhC3OZJqW/w+8GOtCmJPBquYgMWgz0rfQ=="
      },
      "Microsoft.CodeAnalysis.NetAnalyzers": {
        "type": "Direct",
        "requested": "[10.0.102, )",
        "resolved": "10.0.102",
        "contentHash": "4toG7NN4bwoIt5KAUJd8vhJQt5vwaLTBWdDOSeyaAAQP1wXLIkVshsMtKMIrPGpm0w+pHFpX7ffWqdB6ZAinoQ=="
      },
      "Microsoft.Orleans.Clustering.AzureStorage": {
        "type": "Direct",
        "requested": "[10.0.0, )",
        "resolved": "10.0.0",
        "contentHash": "qER+X52ZJ3/Ub8sq6wELF6QbGmwEO7N1d8303iDM30ZgpY8eNNsPCNqZzGyFuAAmIbYLr1f5kA87zKaZn4cEAw==",
        "dependencies": {
          "Azure.Core": "1.50.0",
          "Azure.Data.Tables": "12.11.0",
          "Microsoft.CodeAnalysis.Analyzers": "3.11.0",
          "Microsoft.CodeAnalysis.Common": "5.0.0",
          "Microsoft.CodeAnalysis.Workspaces.Common": "5.0.0",
          "Microsoft.Extensions.DependencyModel": "10.0.0",
          "Microsoft.Orleans.Analyzers": "10.0.0",
          "Microsoft.Orleans.CodeGenerator": "10.0.0",
          "Microsoft.Orleans.Runtime": "10.0.0",
          "Newtonsoft.Json": "13.0.4",
          "System.IO.Hashing": "10.0.0",
          "System.Memory.Data": "10.0.0"
        }
      },
      "Microsoft.Orleans.Persistence.AzureStorage": {
        "type": "Direct",
        "requested": "[10.0.0, )",
        "resolved": "10.0.0",
        "contentHash": "FaZ4ppWCbTNLZpf5mi/Pzvzo+uLbY3BODznpjt8JN36OhWI/tGmJkjxtL6y6lMFSoS6bvHCpUF3WOAbZWyZMsA==",
        "dependencies": {
          "Azure.Core": "1.50.0",
          "Azure.Data.Tables": "12.11.0",
          "Azure.Storage.Blobs": "12.26.0",
          "Microsoft.CodeAnalysis.Analyzers": "3.11.0",
          "Microsoft.CodeAnalysis.Common": "5.0.0",
          "Microsoft.CodeAnalysis.Workspaces.Common": "5.0.0",
          "Microsoft.Extensions.DependencyModel": "10.0.0",
          "Microsoft.Orleans.Analyzers": "10.0.0",
          "Microsoft.Orleans.CodeGenerator": "10.0.0",
          "Microsoft.Orleans.Runtime": "10.0.0",
          "Newtonsoft.Json": "13.0.4",
          "System.IO.Hashing": "10.0.0",
          "System.Memory.Data": "10.0.0"
        }
      },
      "Microsoft.Orleans.Server": {
        "type": "Direct",
        "requested": "[10.0.0, )",
        "resolved": "10.0.0",
        "contentHash": "tmh7tK/NQhO6gETsBh2Kd68Xyn3yzIkVyO6g82tmiwOOtE464qTkvQsg09jhJyPu6N48ZkqZ2WBsY/mBvKMTpA==",
        "dependencies": {
          "Microsoft.CodeAnalysis.Analyzers": "3.11.0",
          "Microsoft.CodeAnalysis.Common": "5.0.0",
          "Microsoft.CodeAnalysis.Workspaces.Common": "5.0.0",
          "Microsoft.Extensions.DependencyModel": "10.0.0",
          "Microsoft.Orleans.Persistence.Memory": "10.0.0",
          "Microsoft.Orleans.Runtime": "10.0.0",
          "Microsoft.Orleans.Sdk": "10.0.0",
          "Newtonsoft.Json": "13.0.4",
          "System.IO.Hashing": "10.0.0",
          "System.Memory.Data": "10.0.0"
        }
      },
      "Microsoft.SourceLink.GitHub": {
        "type": "Direct",
        "requested": "[10.0.102, )",
        "resolved": "10.0.102",
        "contentHash": "Oxq3RCIJSdtpIU4hLqO7XaDe/Ra3HS9Wi8rJl838SAg6Zu1iQjerA0+xXWBgUFYbgknUGCLOU0T+lzMLkvY9Qg==",
        "dependencies": {
          "Microsoft.Build.Tasks.Git": "10.0.102",
          "Microsoft.SourceLink.Common": "10.0.102"
        }
      },
      "Microsoft.VisualStudio.Threading.Analyzers": {
        "type": "Direct",
        "requested": "[17.14.15, )",
        "resolved": "17.14.15",
        "contentHash": "mXQPJsbuUD2ydq4/ffd8h8tSOFCXec+2xJOVNCvXjuMOq/+5EKHq3D2m2MC2+nUaXeFMSt66VS/J4HdKBixgcw=="
      },
      "OpenTelemetry.Exporter.OpenTelemetryProtocol": {
        "type": "Direct",
        "requested": "[1.15.0, )",
        "resolved": "1.15.0",
        "contentHash": "VH8ANc/js9IRvfYt0Q2UaAxNCOWm+IU+vWrtoH7pfx4oWPVdISUt+9uWfBCFMWZg5WzQip5dhslyDjeyZXXfSQ==",
        "dependencies": {
          "OpenTelemetry": "1.15.0"
        }
      },
      "OpenTelemetry.Extensions.Hosting": {
        "type": "Direct",
        "requested": "[1.15.0, )",
        "resolved": "1.15.0",
        "contentHash": "RixjKyB1pbYGhWdvPto4KJs+exdQknJsnjUO9WszdLles5Vcd0EYzxPNJdwmLjYfP+Jfbr4B5nktM4ZgeHSWtg==",
        "dependencies": {
          "OpenTelemetry": "1.15.0"
        }
      },
      "OpenTelemetry.Instrumentation.AspNetCore": {
        "type": "Direct",
        "requested": "[1.15.0, )",
        "resolved": "1.15.0",
        "contentHash": "mte1nRYefxjed2syXgVWq3UCfMKO7MkebvTZmf0O1aLgVgCktLsVjQ6mftyjIbWGBBCHN0wg+Glxj8BSFS70pQ==",
        "dependencies": {
          "OpenTelemetry.Api.ProviderBuilderExtensions": "[1.15.0, 2.0.0)"
        }
      },
      "OpenTelemetry.Instrumentation.Http": {
        "type": "Direct",
        "requested": "[1.15.0, )",
        "resolved": "1.15.0",
        "contentHash": "uToc7bUp8IEdb0ny9mKsL6FrrYelINPzxxiSShJgOf4XmQc4Azww6S5RjRj24YhsOn2a1MABOrxfVTZXtDk4Eg==",
        "dependencies": {
          "OpenTelemetry.Api.ProviderBuilderExtensions": "[1.15.0, 2.0.0)"
        }
      },
      "OpenTelemetry.Instrumentation.Runtime": {
        "type": "Direct",
        "requested": "[1.15.0, )",
        "resolved": "1.15.0",
        "contentHash": "OOvpqR/j2Pb6+tWhHNODIbSJ53Or/MDtTiXEyrsWI02K2lLAgvBFcxUOrHggS/8015cYR3AdSaXv6NZrkz5yQA==",
        "dependencies": {
          "OpenTelemetry.Api": "[1.15.0, 2.0.0)"
        }
      },
      "SonarAnalyzer.CSharp": {
        "type": "Direct",
        "requested": "[10.18.0.131500, )",
        "resolved": "10.18.0.131500",
        "contentHash": "Rbad71/k5e8MfG81i03Yh2YQQgovIdmyhWcLRevrcW4h9i1DUB3kKX9O1QiOGXcULLjkTdRAXdR8A8XtinL3Pg=="
      },
      "StyleCop.Analyzers.Unstable": {
        "type": "Direct",
        "requested": "[1.2.0.556, )",
        "resolved": "1.2.0.556",
        "contentHash": "zvn9Mqs/ox/83cpYPignI8hJEM2A93s2HkHs8HYMOAQW0PkampyoErAiIyKxgTLqbbad29HX/shv/6LGSjPJNQ=="
      },
      "AspNetCore.HealthChecks.Azure.Data.Tables": {
        "type": "Transitive",
        "resolved": "9.0.0",
        "contentHash": "WXDZvJ6C6Y1TQ9zPw9ehWwthIsfJwUQiHJ8ZssfyjXvywnA3gGXoLKwicpx5wDPcyePXKJomiyDek5u8bXQWAQ==",
        "dependencies": {
          "Azure.Data.Tables": "12.8.2"
        }
      },
      "AspNetCore.HealthChecks.Azure.Storage.Blobs": {
        "type": "Transitive",
        "resolved": "9.0.0",
        "contentHash": "fORaHfhyerL+7Tu4lTyj5CBHEMPYdH0LS1bm9N2Wd/K4mgd/zzg+iXLFBYTNTbF+hLYpVNZyO2Tx/wU0/s4KqQ==",
        "dependencies": {
          "Azure.Storage.Blobs": "12.19.1"
        }
      },
      "Azure.Core": {
        "type": "Transitive",
        "resolved": "1.50.0",
        "contentHash": "GBNKZEhdIbTXxedvD3R7I/yDVFX9jJJEz02kCziFSJxspSQ5RMHc3GktulJ1s7+ffXaXD7kMgrtdQTaggyInLw==",
        "dependencies": {
          "Microsoft.Bcl.AsyncInterfaces": "8.0.0",
          "System.ClientModel": "1.8.0",
          "System.Memory.Data": "8.0.1"
        }
      },
      "Azure.Data.Tables": {
        "type": "Transitive",
        "resolved": "12.11.0",
        "contentHash": "MabH2HegMvZA1ocaMhEfW/idyTa3CoH64s43/V9/KFRGdVqEj0EETvd3ItDe6Bbs2teiR40KE9Kz9NLDc5DJJw==",
        "dependencies": {
          "Azure.Core": "1.44.1"
        }
      },
      "Azure.Identity": {
        "type": "Transitive",
        "resolved": "1.17.0",
        "contentHash": "QZiMa1O5lTniWTSDPyPVdBKOS0/M5DWXTfQ2xLOot96yp8Q5A69iScGtzCIxfbg/4bmp/TynibZ2VK1v3qsSNA==",
        "dependencies": {
          "Azure.Core": "1.49.0",
          "Microsoft.Identity.Client": "4.76.0",
          "Microsoft.Identity.Client.Extensions.Msal": "4.76.0"
        }
      },
      "Azure.Storage.Common": {
        "type": "Transitive",
        "resolved": "12.26.0",
        "contentHash": "XaT6CDcSshZb7KaCTwc6m4EouZbLBg7ciOEpsJSdJCvkNsZJQCvPKw7V5TtXno19AA1NpwtsZriYque8mzbQVg==",
        "dependencies": {
          "Azure.Core": "1.50.0",
          "System.IO.Hashing": "10.0.1"
        }
      },
      "Humanizer.Core": {
        "type": "Transitive",
        "resolved": "2.14.1",
        "contentHash": "lQKvtaTDOXnoVJ20ibTuSIOf2i0uO0MPbDhd1jm238I+U/2ZnRENj0cktKZhtchBMtCUSRQ5v4xBCUbKNmyVMw=="
      },
      "Microsoft.Bcl.AsyncInterfaces": {
        "type": "Transitive",
        "resolved": "8.0.0",
        "contentHash": "3WA9q9yVqJp222P3x1wYIGDAkpjAku0TMUaaQV22g6L67AI0LdOIrVS7Ht2vJfLHGSPVuqN94vIr15qn+HEkHw=="
      },
      "Microsoft.Bcl.HashCode": {
        "type": "Transitive",
        "resolved": "1.1.0",
        "contentHash": "J2G1k+u5unBV+aYcwxo94ip16Rkp65pgWFb0R6zwJipzWNMgvqlWeuI7/+R+e8bob66LnSG+llLJ+z8wI94cHg=="
      },
      "Microsoft.Build.Tasks.Git": {
        "type": "Transitive",
        "resolved": "10.0.102",
        "contentHash": "0i81LYX31U6UiXz4NOLbvc++u+/mVDmOt+PskrM/MygpDxkv9THKQyRUmavBpLK6iBV0abNWnn+CQgSRz//Pwg=="
      },
      "Microsoft.CodeAnalysis.Analyzers": {
        "type": "Transitive",
        "resolved": "3.11.0",
        "contentHash": "v/EW3UE8/lbEYHoC2Qq7AR/DnmvpgdtAMndfQNmpuIMx/Mto8L5JnuCfdBYtgvalQOtfNCnxFejxuRrryvUTsg=="
      },
      "Microsoft.Extensions.Azure": {
        "type": "Transitive",
        "resolved": "1.13.0",
        "contentHash": "nSQlQ1wWP0VTeHRhoTLUS/fk9mHidGWK3J/hvj7GNx1h6atn3IKTCmO08HPG6xtitVQhfxXpZenBSlofHSA5kA==",
        "dependencies": {
          "Azure.Core": "1.47.3",
          "Azure.Identity": "1.16.0"
        }
      },
      "Microsoft.Extensions.DependencyModel": {
        "type": "Transitive",
        "resolved": "10.0.0",
        "contentHash": "RFYJR7APio/BiqdQunRq6DB+nDB6nc2qhHr77mlvZ0q0BT8PubMXN7XicmfzCbrDE/dzhBnUKBRXLTcqUiZDGg=="
      },
      "Microsoft.Identity.Client": {
        "type": "Transitive",
        "resolved": "4.76.0",
        "contentHash": "j2FtmljuCveDJ7umBVYm6Bx3iVGA71U07Dc7byGr2Hrj7XlByZSknruCBUeYN3V75nn1VEhXegxE0MerxvxrXQ==",
        "dependencies": {
          "Microsoft.IdentityModel.Abstractions": "6.35.0"
        }
      },
      "Microsoft.Identity.Client.Extensions.Msal": {
        "type": "Transitive",
        "resolved": "4.76.0",
        "contentHash": "D0n3yMTa3gnDh1usrJmyxGWKYeqbQNCWLgQ0Tswf7S6nk9YobiCOX+M2V8EX5SPqkZxpwkTT6odAhaafu3TIeA==",
        "dependencies": {
          "Microsoft.Identity.Client": "4.76.0",
          "System.Security.Cryptography.ProtectedData": "4.5.0"
        }
      },
      "Microsoft.IdentityModel.Abstractions": {
        "type": "Transitive",
        "resolved": "6.35.0",
        "contentHash": "xuR8E4Rd96M41CnUSCiOJ2DBh+z+zQSmyrYHdYhD6K4fXBcQGVnRCFQ0efROUYpP+p0zC1BLKr0JRpVuujTZSg=="
      },
      "Microsoft.Orleans.Analyzers": {
        "type": "Transitive",
        "resolved": "10.0.0",
        "contentHash": "yPJdcp/65fBwwKf4mjvEe0BGif/lVPzyYPXEJ8w1QaM7PKI02lCqWtazBDx5J0Tw3WnBNioDil2TebvWxg+2sQ=="
      },
      "Microsoft.Orleans.CodeGenerator": {
        "type": "Transitive",
        "resolved": "10.0.0",
        "contentHash": "vXTeNzT+2CIAHHaJagL/efslJEnVWaRLHyYrgiBprITDuJVsxs/3ZaNm7gjRzzghUG2lCxpn7APkYAFYf/P48A=="
      },
      "Microsoft.Orleans.Core": {
        "type": "Transitive",
        "resolved": "10.0.0",
        "contentHash": "R6PPYIaHYJiuuq9KUamcsVD5g2cwiZR3o7zG7BIYF6pdeTLYfKmzgUtK+Wz6cJ5yTpOrHvqYBAOL3lB4eH1cCw==",
        "dependencies": {
          "Microsoft.CodeAnalysis.Analyzers": "3.11.0",
          "Microsoft.CodeAnalysis.Common": "5.0.0",
          "Microsoft.CodeAnalysis.Workspaces.Common": "5.0.0",
          "Microsoft.Extensions.DependencyModel": "10.0.0",
          "Microsoft.Orleans.Analyzers": "10.0.0",
          "Microsoft.Orleans.CodeGenerator": "10.0.0",
          "Microsoft.Orleans.Core.Abstractions": "10.0.0",
          "Newtonsoft.Json": "13.0.4",
          "System.IO.Hashing": "10.0.0",
          "System.Memory.Data": "10.0.0"
        }
      },
      "Microsoft.Orleans.Core.Abstractions": {
        "type": "Transitive",
        "resolved": "10.0.0",
        "contentHash": "9sDakPHhK4/WAejRlf3oLRlw5CrbJEeF50XBUSGStshu7AtpMD0F04fC5LaqQjAfI4yiTvP9Y/4ETUO9a5z3yg==",
        "dependencies": {
          "Microsoft.CodeAnalysis.Analyzers": "3.11.0",
          "Microsoft.CodeAnalysis.Common": "5.0.0",
          "Microsoft.CodeAnalysis.Workspaces.Common": "5.0.0",
          "Microsoft.Extensions.DependencyModel": "10.0.0",
          "Microsoft.Orleans.Analyzers": "10.0.0",
          "Microsoft.Orleans.CodeGenerator": "10.0.0",
          "Microsoft.Orleans.Serialization": "10.0.0",
          "System.IO.Hashing": "10.0.0"
        }
      },
      "Microsoft.Orleans.Runtime": {
        "type": "Transitive",
        "resolved": "10.0.0",
        "contentHash": "5I6WDQa90kdkRSzuNzHy5tNLBSK47nWVqMN+hASH3Ik4D54Uv1rvWewoYLeF8hQbecvUwql7fiMjdFFy9A5qRQ==",
        "dependencies": {
          "Microsoft.CodeAnalysis.Analyzers": "3.11.0",
          "Microsoft.CodeAnalysis.Common": "5.0.0",
          "Microsoft.CodeAnalysis.Workspaces.Common": "5.0.0",
          "Microsoft.Extensions.DependencyModel": "10.0.0",
          "Microsoft.Orleans.Analyzers": "10.0.0",
          "Microsoft.Orleans.CodeGenerator": "10.0.0",
          "Microsoft.Orleans.Core": "10.0.0",
          "Newtonsoft.Json": "13.0.4",
          "System.IO.Hashing": "10.0.0",
          "System.Memory.Data": "10.0.0"
        }
      },
      "Microsoft.Orleans.Serialization": {
        "type": "Transitive",
        "resolved": "10.0.0",
        "contentHash": "C6Vp7thuTdKLhYoEh6DuWcG3ri3o2Jd8VMmRWEcPgRAq+CHGmzNw1ej4khNKVFCPgwz6OWqpjdXtBKNe+pDeaA==",
        "dependencies": {
          "Microsoft.CodeAnalysis.Analyzers": "3.11.0",
          "Microsoft.CodeAnalysis.Common": "5.0.0",
          "Microsoft.CodeAnalysis.Workspaces.Common": "5.0.0",
          "Microsoft.Extensions.DependencyModel": "10.0.0",
          "Microsoft.Orleans.Analyzers": "10.0.0",
          "Microsoft.Orleans.CodeGenerator": "10.0.0",
          "Microsoft.Orleans.Serialization.Abstractions": "10.0.0",
          "System.IO.Hashing": "10.0.0"
        }
      },
      "Microsoft.SourceLink.Common": {
        "type": "Transitive",
        "resolved": "10.0.102",
        "contentHash": "Mk1IMb9q5tahC2NltxYXFkLBtuBvfBoCQ3pIxYQWfzbCE9o1OB9SsHe0hnNGo7lWgTA/ePbFAJLWu6nLL9K17A=="
      },
      "Microsoft.Win32.SystemEvents": {
        "type": "Transitive",
        "resolved": "6.0.0",
        "contentHash": "hqTM5628jSsQiv+HGpiq3WKBl2c8v1KZfby2J6Pr7pEPlK9waPdgEO6b8A/+/xn/yZ9ulv8HuqK71ONy2tg67A=="
      },
      "OpenTelemetry": {
        "type": "Transitive",
        "resolved": "1.15.0",
        "contentHash": "7mS/oZFF8S6xyqGQfMU1btp0nXJQUPWV535Vp/XMLYwRAUv36xQN+U4vufWBF1+z4HnRTOwuFHtUSGnHbyN6FQ==",
        "dependencies": {
          "OpenTelemetry.Api.ProviderBuilderExtensions": "1.15.0"
        }
      },
      "OpenTelemetry.Api": {
        "type": "Transitive",
        "resolved": "1.15.0",
        "contentHash": "vk5OGdf6K9kQScCWo3bRjhDWCv6Pqw92IpX4dlARZ8B1WL7/2NGTDtCkkw42eQf7UdwyoHKzVvMH/PtL8d6z7w=="
      },
      "OpenTelemetry.Api.ProviderBuilderExtensions": {
        "type": "Transitive",
        "resolved": "1.15.0",
        "contentHash": "OnuSUlRpGvowkOzGFQfy+KZFu0cITfKfh2IYJJiZskxVJiOuexwOOuvfDAgpJdmTzVWAHjYdz2shcHZaJ06UjQ==",
        "dependencies": {
          "OpenTelemetry.Api": "1.15.0"
        }
      },
      "System.ClientModel": {
        "type": "Transitive",
        "resolved": "1.8.0",
        "contentHash": "AqRzhn0v29GGGLj/Z6gKq4lGNtvPHT4nHdG5PDJh9IfVjv/nYUVmX11hwwws1vDFeIAzrvmn0dPu8IjLtu6fAw==",
        "dependencies": {
          "System.Memory.Data": "8.0.1"
        }
      },
      "System.Composition": {
        "type": "Transitive",
        "resolved": "9.0.0",
        "contentHash": "3Djj70fFTraOarSKmRnmRy/zm4YurICm+kiCtI0dYRqGJnLX6nJ+G3WYuFJ173cAPax/gh96REcbNiVqcrypFQ==",
        "dependencies": {
          "System.Composition.AttributedModel": "9.0.0",
          "System.Composition.Convention": "9.0.0",
          "System.Composition.Hosting": "9.0.0",
          "System.Composition.Runtime": "9.0.0",
          "System.Composition.TypedParts": "9.0.0"
        }
      },
      "System.Composition.AttributedModel": {
        "type": "Transitive",
        "resolved": "9.0.0",
        "contentHash": "iri00l/zIX9g4lHMY+Nz0qV1n40+jFYAmgsaiNn16xvt2RDwlqByNG4wgblagnDYxm3YSQQ0jLlC/7Xlk9CzyA=="
      },
      "System.Composition.Convention": {
        "type": "Transitive",
        "resolved": "9.0.0",
        "contentHash": "+vuqVP6xpi582XIjJi6OCsIxuoTZfR0M7WWufk3uGDeCl3wGW6KnpylUJ3iiXdPByPE0vR5TjJgR6hDLez4FQg==",
        "dependencies": {
          "System.Composition.AttributedModel": "9.0.0"
        }
      },
      "System.Composition.Hosting": {
        "type": "Transitive",
        "resolved": "9.0.0",
        "contentHash": "OFqSeFeJYr7kHxDfaViGM1ymk7d4JxK//VSoNF9Ux0gpqkLsauDZpu89kTHHNdCWfSljbFcvAafGyBoY094btQ==",
        "dependencies": {
          "System.Composition.Runtime": "9.0.0"
        }
      },
      "System.Composition.Runtime": {
        "type": "Transitive",
        "resolved": "9.0.0",
        "contentHash": "w1HOlQY1zsOWYussjFGZCEYF2UZXgvoYnS94NIu2CBnAGMbXFAX8PY8c92KwUItPmowal68jnVLBCzdrWLeEKA=="
      },
      "System.Composition.TypedParts": {
        "type": "Transitive",
        "resolved": "9.0.0",
        "contentHash": "aRZlojCCGEHDKqh43jaDgaVpYETsgd7Nx4g1zwLKMtv4iTo0627715ajEFNpEEBTgLmvZuv8K0EVxc3sM4NWJA==",
        "dependencies": {
          "System.Composition.AttributedModel": "9.0.0",
          "System.Composition.Hosting": "9.0.0",
          "System.Composition.Runtime": "9.0.0"
        }
      },
      "System.Configuration.ConfigurationManager": {
        "type": "Transitive",
        "resolved": "6.0.0",
        "contentHash": "7T+m0kDSlIPTHIkPMIu6m6tV6qsMqJpvQWW2jIc2qi7sn40qxFo0q+7mEQAhMPXZHMKnWrnv47ntGlM/ejvw3g==",
        "dependencies": {
          "System.Security.Cryptography.ProtectedData": "6.0.0",
          "System.Security.Permissions": "6.0.0"
        }
      },
      "System.Drawing.Common": {
        "type": "Transitive",
        "resolved": "6.0.0",
        "contentHash": "NfuoKUiP2nUWwKZN6twGqXioIe1zVD0RIj2t976A+czLHr2nY454RwwXs6JU9Htc6mwqL6Dn/nEL3dpVf2jOhg==",
        "dependencies": {
          "Microsoft.Win32.SystemEvents": "6.0.0"
        }
      },
      "System.IO.Hashing": {
        "type": "Transitive",
        "resolved": "10.0.1",
        "contentHash": "Dy6ULPb2S0GmNndjKrEIpfibNsc8+FTOoZnqygtFDuyun8vWboQbfMpQtKUXpgTxokR5E4zFHETpNnGfeWY6NA=="
      },
      "System.Memory.Data": {
        "type": "Transitive",
        "resolved": "10.0.0",
        "contentHash": "r+m+05b+TndDQIN6/yMkotk7wNsUPpYgLKOac8QR9DdU9gcPTJIU1RoyXY8otCqPxH55XF4hewEt6lJu0lSz3Q=="
      },
      "System.Security.Cryptography.ProtectedData": {
        "type": "Transitive",
        "resolved": "6.0.0",
        "contentHash": "rp1gMNEZpvx9vP0JW0oHLxlf8oSiQgtno77Y4PLUBjSiDYoD77Y8uXHr1Ea5XG4/pIKhqAdxZ8v8OTUtqo9PeQ=="
      },
      "System.Security.Permissions": {
        "type": "Transitive",
        "resolved": "6.0.0",
        "contentHash": "T/uuc7AklkDoxmcJ7LGkyX1CcSviZuLCa4jg3PekfJ7SU0niF0IVTXwUiNVP9DSpzou2PpxJ+eNY2IfDM90ZCg==",
        "dependencies": {
          "System.Windows.Extensions": "6.0.0"
        }
      },
      "System.Windows.Extensions": {
        "type": "Transitive",
        "resolved": "6.0.0",
        "contentHash": "IXoJOXIqc39AIe+CIR7koBtRGMiCt/LPM3lI+PELtDIy9XdyeSrwXFdWV9dzJ2Awl0paLWUaknLxFQ5HpHZUog==",
        "dependencies": {
          "System.Drawing.Common": "6.0.0"
        }
      },
      "Mississippi.Aqueduct.Abstractions": {
        "type": "Project",
        "dependencies": {
          "Microsoft.Orleans.Sdk": "[10.0.0, )",
          "Mississippi.Common.Abstractions": "[1.0.0, )"
        }
      },
      "Mississippi.Aqueduct.Grains": {
        "type": "Project",
        "dependencies": {
          "Microsoft.Orleans.Sdk": "[10.0.0, )",
          "Microsoft.Orleans.Server": "[10.0.0, )",
          "Microsoft.Orleans.Streaming": "[10.0.0, )",
          "Mississippi.Aqueduct.Abstractions": "[1.0.0, )"
        }
      },
      "Mississippi.Common.Abstractions": {
        "type": "Project",
        "dependencies": {
          "Microsoft.Orleans.Sdk": "[10.0.0, )"
        }
      },
      "Mississippi.Common.Cosmos": {
        "type": "Project",
        "dependencies": {
          "Microsoft.Azure.Cosmos": "[3.57.0, )",
          "Mississippi.Common.Cosmos.Abstractions": "[1.0.0, )",
          "Newtonsoft.Json": "[13.0.4, )"
        }
      },
      "Mississippi.Common.Cosmos.Abstractions": {
        "type": "Project"
      },
      "Mississippi.EventSourcing.Aggregates": {
        "type": "Project",
        "dependencies": {
          "Microsoft.Orleans.Sdk": "[10.0.0, )",
          "Mississippi.EventSourcing.Aggregates.Abstractions": "[1.0.0, )",
          "Mississippi.EventSourcing.Brooks": "[1.0.0, )",
          "Mississippi.EventSourcing.Reducers": "[1.0.0, )",
          "Mississippi.EventSourcing.Serialization.Abstractions": "[1.0.0, )",
          "Mississippi.EventSourcing.Snapshots.Abstractions": "[1.0.0, )"
        }
      },
      "Mississippi.EventSourcing.Aggregates.Abstractions": {
        "type": "Project",
        "dependencies": {
          "Microsoft.Orleans.Sdk": "[10.0.0, )",
          "Mississippi.EventSourcing.Brooks.Abstractions": "[1.0.0, )"
        }
      },
      "Mississippi.EventSourcing.Aggregates.Api": {
        "type": "Project",
        "dependencies": {
          "Mississippi.EventSourcing.Aggregates.Abstractions": "[1.0.0, )"
        }
      },
      "Mississippi.EventSourcing.Brooks": {
        "type": "Project",
        "dependencies": {
          "Microsoft.Orleans.Sdk": "[10.0.0, )",
          "Microsoft.Orleans.Streaming": "[10.0.0, )",
          "Mississippi.EventSourcing.Brooks.Abstractions": "[1.0.0, )"
        }
      },
      "Mississippi.EventSourcing.Brooks.Abstractions": {
        "type": "Project",
        "dependencies": {
          "CloudNative.CloudEvents": "[2.8.0, )",
          "Microsoft.Orleans.Sdk": "[10.0.0, )",
          "Microsoft.Orleans.Streaming": "[10.0.0, )",
          "Mississippi.Common.Abstractions": "[1.0.0, )"
        }
      },
      "Mississippi.EventSourcing.Brooks.Cosmos": {
        "type": "Project",
        "dependencies": {
          "Azure.Storage.Blobs": "[12.27.0, )",
          "Microsoft.Azure.Cosmos": "[3.57.0, )",
          "Mississippi.Common.Abstractions": "[1.0.0, )",
          "Mississippi.Common.Cosmos": "[1.0.0, )",
          "Mississippi.EventSourcing.Brooks.Abstractions": "[1.0.0, )",
          "Newtonsoft.Json": "[13.0.4, )"
        }
      },
      "Mississippi.EventSourcing.Reducers": {
        "type": "Project",
        "dependencies": {
          "Mississippi.EventSourcing.Reducers.Abstractions": "[1.0.0, )"
        }
      },
      "Mississippi.EventSourcing.Reducers.Abstractions": {
        "type": "Project"
      },
      "Mississippi.EventSourcing.Sagas": {
        "type": "Project",
        "dependencies": {
          "Mississippi.EventSourcing.Aggregates": "[1.0.0, )",
          "Mississippi.EventSourcing.Reducers": "[1.0.0, )",
          "Mississippi.EventSourcing.Sagas.Abstractions": "[1.0.0, )"
        }
      },
      "Mississippi.EventSourcing.Sagas.Abstractions": {
        "type": "Project",
        "dependencies": {
          "Microsoft.Orleans.Sdk": "[10.0.0, )",
          "Mississippi.EventSourcing.Brooks.Abstractions": "[1.0.0, )"
        }
      },
      "Mississippi.EventSourcing.Serialization.Abstractions": {
        "type": "Project"
      },
      "Mississippi.EventSourcing.Serialization.Json": {
        "type": "Project",
        "dependencies": {
          "Mississippi.EventSourcing.Serialization.Abstractions": "[1.0.0, )"
        }
      },
      "Mississippi.EventSourcing.Snapshots": {
        "type": "Project",
        "dependencies": {
          "Microsoft.Orleans.Sdk": "[10.0.0, )",
          "Mississippi.EventSourcing.Aggregates.Abstractions": "[1.0.0, )",
          "Mississippi.EventSourcing.Brooks": "[1.0.0, )",
          "Mississippi.EventSourcing.Reducers.Abstractions": "[1.0.0, )",
          "Mississippi.EventSourcing.Serialization.Abstractions": "[1.0.0, )",
          "Mississippi.EventSourcing.Snapshots.Abstractions": "[1.0.0, )"
        }
      },
      "Mississippi.EventSourcing.Snapshots.Abstractions": {
        "type": "Project",
        "dependencies": {
          "Microsoft.Orleans.Sdk": "[10.0.0, )",
          "Mississippi.EventSourcing.Brooks.Abstractions": "[1.0.0, )"
        }
      },
      "Mississippi.EventSourcing.Snapshots.Cosmos": {
        "type": "Project",
        "dependencies": {
          "Microsoft.Azure.Cosmos": "[3.57.0, )",
          "Mississippi.Common.Abstractions": "[1.0.0, )",
          "Mississippi.Common.Cosmos": "[1.0.0, )",
          "Mississippi.EventSourcing.Snapshots.Abstractions": "[1.0.0, )",
          "Newtonsoft.Json": "[13.0.4, )"
        }
      },
      "Mississippi.EventSourcing.UxProjections": {
        "type": "Project",
        "dependencies": {
          "Microsoft.Orleans.Sdk": "[10.0.0, )",
          "Mississippi.EventSourcing.Brooks": "[1.0.0, )",
          "Mississippi.EventSourcing.Reducers.Abstractions": "[1.0.0, )",
          "Mississippi.EventSourcing.Snapshots.Abstractions": "[1.0.0, )",
          "Mississippi.EventSourcing.UxProjections.Abstractions": "[1.0.0, )"
        }
      },
      "Mississippi.EventSourcing.UxProjections.Abstractions": {
        "type": "Project",
        "dependencies": {
          "Microsoft.Orleans.Sdk": "[10.0.0, )",
          "Mississippi.EventSourcing.Brooks.Abstractions": "[1.0.0, )",
          "Mississippi.Inlet.Abstractions": "[1.0.0, )"
        }
      },
      "Mississippi.Inlet.Abstractions": {
        "type": "Project"
      },
      "Mississippi.Inlet.Generators.Abstractions": {
        "type": "Project"
      },
      "Mississippi.Inlet.Server.Abstractions": {
        "type": "Project"
      },
      "Mississippi.Inlet.Silo": {
        "type": "Project",
        "dependencies": {
          "Microsoft.Orleans.Sdk": "[10.0.0, )",
          "Microsoft.Orleans.Streaming": "[10.0.0, )",
          "Mississippi.Aqueduct.Abstractions": "[1.0.0, )",
          "Mississippi.EventSourcing.Brooks.Abstractions": "[1.0.0, )",
          "Mississippi.EventSourcing.Sagas": "[1.0.0, )",
          "Mississippi.Inlet.Abstractions": "[1.0.0, )",
          "Mississippi.Inlet.Server.Abstractions": "[1.0.0, )",
          "Mississippi.Inlet.Silo.Abstractions": "[1.0.0, )"
        }
      },
      "Mississippi.Inlet.Silo.Abstractions": {
        "type": "Project",
        "dependencies": {
          "Microsoft.Orleans.Sdk": "[10.0.0, )",
          "Mississippi.Inlet.Abstractions": "[1.0.0, )"
        }
      },
      "Mississippi.Sdk.Silo": {
        "type": "Project",
        "dependencies": {
          "Mississippi.Aqueduct.Grains": "[1.0.0, )",
          "Mississippi.EventSourcing.Aggregates": "[1.0.0, )",
          "Mississippi.EventSourcing.Aggregates.Api": "[1.0.0, )",
          "Mississippi.EventSourcing.Brooks": "[1.0.0, )",
          "Mississippi.EventSourcing.Brooks.Cosmos": "[1.0.0, )",
          "Mississippi.EventSourcing.Reducers": "[1.0.0, )",
          "Mississippi.EventSourcing.Serialization.Json": "[1.0.0, )",
          "Mississippi.EventSourcing.Snapshots": "[1.0.0, )",
          "Mississippi.EventSourcing.Snapshots.Cosmos": "[1.0.0, )",
          "Mississippi.EventSourcing.UxProjections": "[1.0.0, )",
          "Mississippi.Inlet.Generators.Abstractions": "[1.0.0, )",
          "Mississippi.Inlet.Silo": "[1.0.0, )"
        }
      },
      "spring.domain": {
        "type": "Project",
        "dependencies": {
          "Microsoft.Orleans.Sdk": "[10.0.0, )",
          "Mississippi.Common.Abstractions": "[1.0.0, )",
          "Mississippi.EventSourcing.Aggregates": "[1.0.0, )",
          "Mississippi.EventSourcing.Aggregates.Abstractions": "[1.0.0, )",
          "Mississippi.EventSourcing.Brooks.Abstractions": "[1.0.0, )",
          "Mississippi.EventSourcing.Reducers": "[1.0.0, )",
          "Mississippi.EventSourcing.Reducers.Abstractions": "[1.0.0, )",
          "Mississippi.EventSourcing.Sagas": "[1.0.0, )",
          "Mississippi.EventSourcing.Sagas.Abstractions": "[1.0.0, )",
          "Mississippi.EventSourcing.Snapshots": "[1.0.0, )",
          "Mississippi.EventSourcing.UxProjections": "[1.0.0, )",
          "Mississippi.EventSourcing.UxProjections.Abstractions": "[1.0.0, )",
          "Mississippi.Inlet.Abstractions": "[1.0.0, )",
          "Mississippi.Inlet.Generators.Abstractions": "[1.0.0, )"
        }
      },
      "Azure.Storage.Blobs": {
        "type": "CentralTransitive",
        "requested": "[12.27.0, )",
        "resolved": "12.27.0",
        "contentHash": "zI5rg1tTtnA8T2g2/21l+1iIUdDjpEQQ0FI1BabJVEQJ1JUyTQKrc41eNabAHs0SBHprl6pu/6OqIMK9Ve+4tQ==",
        "dependencies": {
          "Azure.Core": "1.50.0",
          "Azure.Storage.Common": "12.26.0"
        }
      },
      "CloudNative.CloudEvents": {
        "type": "CentralTransitive",
        "requested": "[2.8.0, )",
        "resolved": "2.8.0",
        "contentHash": "RvabvAQV7u3FZcZL5UlRmFz3/T5nMl86GpChpRvHKRHbO+/I4LBcZ0xRqYnNfAh30gM+h/JkSBHEnbhl0zmGtA=="
      },
      "Microsoft.Azure.Cosmos": {
        "type": "CentralTransitive",
        "requested": "[3.57.0, )",
        "resolved": "3.57.0",
        "contentHash": "35uoYG8m7l0gEIRwV7z/1g1iewgMw7OiqBJV4uKkxjxQxc/rOgf9k5HgxQrAtOMgFtkBErU+/9e/2x8exzPNIg==",
        "dependencies": {
          "Azure.Core": "1.44.1",
          "Microsoft.Bcl.AsyncInterfaces": "6.0.0",
          "Microsoft.Bcl.HashCode": "1.1.0",
          "System.Configuration.ConfigurationManager": "6.0.0"
        }
      },
      "Microsoft.CodeAnalysis.Common": {
        "type": "CentralTransitive",
        "requested": "[5.0.0, )",
        "resolved": "5.0.0",
        "contentHash": "ZXRAdvH6GiDeHRyd3q/km8Z44RoM6FBWHd+gen/la81mVnAdHTEsEkO5J0TCNXBymAcx5UYKt5TvgKBhaLJEow==",
        "dependencies": {
          "Microsoft.CodeAnalysis.Analyzers": "3.11.0"
        }
      },
      "Microsoft.CodeAnalysis.Workspaces.Common": {
        "type": "CentralTransitive",
        "requested": "[5.0.0, )",
        "resolved": "5.0.0",
        "contentHash": "ZbUmIvT6lqTNKiv06Jl5wf0MTMi1vQ1oH7ou4CLcs2C/no/L7EhP3T8y3XXvn9VbqMcJaJnEsNA1jwYUMgc5jg==",
        "dependencies": {
          "Humanizer.Core": "2.14.1",
          "Microsoft.CodeAnalysis.Analyzers": "3.11.0",
          "Microsoft.CodeAnalysis.Common": "[5.0.0]",
          "System.Composition": "9.0.0"
        }
      },
      "Microsoft.Orleans.Persistence.Memory": {
        "type": "CentralTransitive",
        "requested": "[10.0.0, )",
        "resolved": "10.0.0",
        "contentHash": "vXS7gKYxaIijQQd9qPeHrR8Jx6cCe9wDO1mm9t0WueXdc9sITdli5P2ARwKZqCWKzTBEB1VmvoSLagmTTZnC4A==",
        "dependencies": {
          "Microsoft.CodeAnalysis.Analyzers": "3.11.0",
          "Microsoft.CodeAnalysis.Common": "5.0.0",
          "Microsoft.CodeAnalysis.Workspaces.Common": "5.0.0",
          "Microsoft.Extensions.DependencyModel": "10.0.0",
          "Microsoft.Orleans.Analyzers": "10.0.0",
          "Microsoft.Orleans.CodeGenerator": "10.0.0",
          "Microsoft.Orleans.Runtime": "10.0.0",
          "Newtonsoft.Json": "13.0.4",
          "System.IO.Hashing": "10.0.0",
          "System.Memory.Data": "10.0.0"
        }
      },
      "Microsoft.Orleans.Sdk": {
        "type": "CentralTransitive",
        "requested": "[10.0.0, )",
        "resolved": "10.0.0",
        "contentHash": "e38dEccsYP8PxBZgeODcKp05F1jvTAuITDF7xn4gdL+wcSk3DieDcimRRDQCcm2J8wWRZNIeT7Cpc6HK6OykpA==",
        "dependencies": {
          "Microsoft.CodeAnalysis.Analyzers": "3.11.0",
          "Microsoft.CodeAnalysis.Common": "5.0.0",
          "Microsoft.CodeAnalysis.Workspaces.Common": "5.0.0",
          "Microsoft.Extensions.DependencyModel": "10.0.0",
          "Microsoft.Orleans.Analyzers": "10.0.0",
          "Microsoft.Orleans.CodeGenerator": "10.0.0",
          "Microsoft.Orleans.Core": "10.0.0",
          "Newtonsoft.Json": "13.0.4",
          "System.IO.Hashing": "10.0.0",
          "System.Memory.Data": "10.0.0"
        }
      },
      "Microsoft.Orleans.Serialization.Abstractions": {
        "type": "CentralTransitive",
        "requested": "[10.0.0, )",
        "resolved": "10.0.0",
        "contentHash": "p+uK4o+oWvWFQBnLod8EC06oELro63GZZLc6wD+uzIUFSpd+3im5A1uP0szZpnSuldUpAxum7RnO2wjDC0UpLQ=="
      },
      "Microsoft.Orleans.Streaming": {
        "type": "CentralTransitive",
        "requested": "[10.0.0, )",
        "resolved": "10.0.0",
        "contentHash": "71zODds0eOdKn7tRikiMxEzsD5ImoHcaQL/yHbcW6z00BLlXcLQ7wt2g3UQJ8OLC3lkH4IHes41xeTf5nPf1LA==",
        "dependencies": {
          "Microsoft.CodeAnalysis.Analyzers": "3.11.0",
          "Microsoft.CodeAnalysis.Common": "5.0.0",
          "Microsoft.CodeAnalysis.Workspaces.Common": "5.0.0",
          "Microsoft.Extensions.DependencyModel": "10.0.0",
          "Microsoft.Orleans.Analyzers": "10.0.0",
          "Microsoft.Orleans.CodeGenerator": "10.0.0",
          "Microsoft.Orleans.Runtime": "10.0.0",
          "Newtonsoft.Json": "13.0.4",
          "System.IO.Hashing": "10.0.0",
          "System.Memory.Data": "10.0.0"
        }
      },
      "Newtonsoft.Json": {
        "type": "CentralTransitive",
        "requested": "[13.0.4, )",
        "resolved": "13.0.4",
        "contentHash": "pdgNNMai3zv51W5aq268sujXUyx7SNdE2bj1wZcWjAQrKMFZV260lbqYop1d2GM67JI1huLRwxo9ZqnfF/lC6A=="
      }
    }
  }
}